
Microsoft Visual Studio Solution File, Format Version 12.00
# Visual Studio Version 17
VisualStudioVersion = 17.2.32505.173
MinimumVisualStudioVersion = 10.0.40219.1
Project("{9A19103F-16F7-4668-BE54-9A1E7A4F7556}") = "DataAccess", "DataAccess\DataAccess.csproj", "{F89D3B1E-02BB-456D-A0E2-716E16DACC94}"
EndProject
Project("{9A19103F-16F7-4668-BE54-9A1E7A4F7556}") = "BusinessObject", "BusinessObject\BusinessObject.csproj", "{597B34DF-2E3A-4FEB-AE88-48300FEBEDD2}"
EndProject
Project("{9A19103F-16F7-4668-BE54-9A1E7A4F7556}") = "MyStoreWinApp", "MyStoreWinApp\MyStoreWinApp.csproj", "{B969D304-EEA4-4C3F-A5CA-349A3AC20130}"
EndProject
Project("{2150E333-8FDC-42A3-9474-1A3956D46DE8}") = "2.Business Layer", "2.Business Layer", "{D1AB90D4-F204-412B-8B70-6C7C776BCEC0}"
EndProject
Project("{2150E333-8FDC-42A3-9474-1A3956D46DE8}") = "3.Data Layer", "3.Data Layer", "{B083813A-B1C0-4302-94B2-886BBF838E9C}"
EndProject
Project("{2150E333-8FDC-42A3-9474-1A3956D46DE8}") = "1.Presentation Layer", "1.Presentation Layer", "{E4AC9A50-42FA-4C02-BAB4-23E65D79C1BC}"
EndProject
Global
	GlobalSection(SolutionConfigurationPlatforms) = preSolution
		Debug|Any CPU = Debug|Any CPU
		Release|Any CPU = Release|Any CPU
	EndGlobalSection
	GlobalSection(ProjectConfigurationPlatforms) = postSolution
		{F89D3B1E-02BB-456D-A0E2-716E16DACC94}.Debug|Any CPU.ActiveCfg = Debug|Any CPU
		{F89D3B1E-02BB-456D-A0E2-716E16DACC94}.Debug|Any CPU.Build.0 = Debug|Any CPU
		{F89D3B1E-02BB-456D-A0E2-716E16DACC94}.Release|Any CPU.ActiveCfg = Release|Any CPU
		{F89D3B1E-02BB-456D-A0E2-716E16DACC94}.Release|Any CPU.Build.0 = Release|Any CPU
		{597B34DF-2E3A-4FEB-AE88-48300FEBEDD2}.Debug|Any CPU.ActiveCfg = Debug|Any CPU
		{597B34DF-2E3A-4FEB-AE88-48300FEBEDD2}.Debug|Any CPU.Build.0 = Debug|Any CPU
		{597B34DF-2E3A-4FEB-AE88-48300FEBEDD2}.Release|Any CPU.ActiveCfg = Release|Any CPU
		{597B34DF-2E3A-4FEB-AE88-48300FEBEDD2}.Release|Any CPU.Build.0 = Release|Any CPU
		{B969D304-EEA4-4C3F-A5CA-349A3AC20130}.Debug|Any CPU.ActiveCfg = Debug|Any CPU
		{B969D304-EEA4-4C3F-A5CA-349A3AC20130}.Debug|Any CPU.Build.0 = Debug|Any CPU
		{B969D304-EEA4-4C3F-A5CA-349A3AC20130}.Release|Any CPU.ActiveCfg = Release|Any CPU
		{B969D304-EEA4-4C3F-A5CA-349A3AC20130}.Release|Any CPU.Build.0 = Release|Any CPU
	EndGlobalSection
	GlobalSection(SolutionProperties) = preSolution
		HideSolutionNode = FALSE
	EndGlobalSection
	GlobalSection(NestedProjects) = preSolution
		{F89D3B1E-02BB-456D-A0E2-716E16DACC94} = {B083813A-B1C0-4302-94B2-886BBF838E9C}
		{597B34DF-2E3A-4FEB-AE88-48300FEBEDD2} = {D1AB90D4-F204-412B-8B70-6C7C776BCEC0}
		{B969D304-EEA4-4C3F-A5CA-349A3AC20130} = {E4AC9A50-42FA-4C02-BAB4-23E65D79C1BC}
	EndGlobalSection
	GlobalSection(ExtensibilityGlobals) = postSolution
		SolutionGuid = {9FD0BFE3-95F0-437E-AAFB-0279993F82EA}
	EndGlobalSection
EndGlobal
